{
  "name": "notes",
  "lockfileVersion": 2,
  "requires": true,
  "packages": {
    "": {
      "dependencies": {
        "js-sha256": "^0.11.0"
      }
    },
    "node_modules/js-sha256": {
      "version": "0.11.0",
      "resolved": "https://registry.npmjs.org/js-sha256/-/js-sha256-0.11.0.tgz",
      "integrity": "sha512-6xNlKayMZvds9h1Y1VWc0fQHQ82BxTXizWPEtEeGvmOUYpBRy4gbWroHLpzowe6xiQhHpelCQiE7HEdznyBL9Q=="
    }
  },
  "dependencies": {
    "js-sha256": {
      "version": "0.11.0",
      "resolved": "https://registry.npmjs.org/js-sha256/-/js-sha256-0.11.0.tgz",
      "integrity": "sha512-6xNlKayMZvds9h1Y1VWc0fQHQ82BxTXizWPEtEeGvmOUYpBRy4gbWroHLpzowe6xiQhHpelCQiE7HEdznyBL9Q=="
    }
  }
}
